// !$*UTF8*$!
{
	archiveVersion = 1;
	classes = {
	};
	objectVersion = 52;
	objects = {

/* Begin PBXBuildFile section */
		6F199D67259BD22500616B99 /* ErrorLoadingView.swift in Sources */ = {isa = PBXBuildFile; fileRef = 6F199D66259BD22500616B99 /* ErrorLoadingView.swift */; };
		6F26F922253E001700698806 /* Localizable.strings in Resources */ = {isa = PBXBuildFile; fileRef = 6F26F924253E001700698806 /* Localizable.strings */; };
		6F26F92E253E03BB00698806 /* testBeverages.json in Resources */ = {isa = PBXBuildFile; fileRef = 6FECBA5F252A7E0000848E2B /* testBeverages.json */; };
		6F26F930253E03D900698806 /* testFoods.json in Resources */ = {isa = PBXBuildFile; fileRef = 6FECBA60252A7E0000848E2B /* testFoods.json */; };
		6F6D6C30256ABF0B00FC3251 /* Cloudinary in Frameworks */ = {isa = PBXBuildFile; productRef = 6F6D6C2F256ABF0B00FC3251 /* Cloudinary */; };
		6FECBA45252A7D7A00848E2B /* JungleApp.swift in Sources */ = {isa = PBXBuildFile; fileRef = 6FECBA44252A7D7A00848E2B /* JungleApp.swift */; };
		6FECBA55252A7DDA00848E2B /* Launch Screen.storyboard in Resources */ = {isa = PBXBuildFile; fileRef = 6FECBA54252A7DDA00848E2B /* Launch Screen.storyboard */; };
		6FECBA65252A7E5A00848E2B /* Preview Assets.xcassets in Resources */ = {isa = PBXBuildFile; fileRef = 6FECBA64252A7E5A00848E2B /* Preview Assets.xcassets */; };
		6FECBA72252A7EAB00848E2B /* FoodDetail.swift in Sources */ = {isa = PBXBuildFile; fileRef = 6FECBA6B252A7EAB00848E2B /* FoodDetail.swift */; };
		6FECBA74252A7EAB00848E2B /* BeverageDetail.swift in Sources */ = {isa = PBXBuildFile; fileRef = 6FECBA6D252A7EAB00848E2B /* BeverageDetail.swift */; };
		6FECBA78252A7EAB00848E2B /* Constants.swift in Sources */ = {isa = PBXBuildFile; fileRef = 6FECBA71252A7EAB00848E2B /* Constants.swift */; };
		6FECBA8E252A7EB500848E2B /* Data.swift in Sources */ = {isa = PBXBuildFile; fileRef = 6FECBA7C252A7EB500848E2B /* Data.swift */; };
		6FECBA90252A7EB500848E2B /* Beverage.swift in Sources */ = {isa = PBXBuildFile; fileRef = 6FECBA7F252A7EB500848E2B /* Beverage.swift */; };
		6FECBA92252A7EB500848E2B /* Food.swift in Sources */ = {isa = PBXBuildFile; fileRef = 6FECBA81252A7EB500848E2B /* Food.swift */; };
		6FECBA93252A7EB500848E2B /* ImageLoader.swift in Sources */ = {isa = PBXBuildFile; fileRef = 6FECBA83252A7EB500848E2B /* ImageLoader.swift */; };
		6FECBA94252A7EB500848E2B /* DataLoader.swift in Sources */ = {isa = PBXBuildFile; fileRef = 6FECBA84252A7EB500848E2B /* DataLoader.swift */; };
		6FECBA95252A7EB500848E2B /* BeverageRow.swift in Sources */ = {isa = PBXBuildFile; fileRef = 6FECBA86252A7EB500848E2B /* BeverageRow.swift */; };
		6FECBA96252A7EB500848E2B /* BeveragesMenu.swift in Sources */ = {isa = PBXBuildFile; fileRef = 6FECBA87252A7EB500848E2B /* BeveragesMenu.swift */; };
		6FECBA97252A7EB500848E2B /* Events.swift in Sources */ = {isa = PBXBuildFile; fileRef = 6FECBA89252A7EB500848E2B /* Events.swift */; };
		6FECBA98252A7EB500848E2B /* FoodRow.swift in Sources */ = {isa = PBXBuildFile; fileRef = 6FECBA8B252A7EB500848E2B /* FoodRow.swift */; };
		6FECBA99252A7EB500848E2B /* FoodsMenu.swift in Sources */ = {isa = PBXBuildFile; fileRef = 6FECBA8C252A7EB500848E2B /* FoodsMenu.swift */; };
		6FECBA9C252A7F1900848E2B /* ContentView.swift in Sources */ = {isa = PBXBuildFile; fileRef = 6FECBA9B252A7F1900848E2B /* ContentView.swift */; };
		6FECBA9F252A7F1E00848E2B /* Assets.xcassets in Resources */ = {isa = PBXBuildFile; fileRef = 6FECBA9E252A7F1E00848E2B /* Assets.xcassets */; };
		6FECBAA3252A7F6300848E2B /* DetailTop.swift in Sources */ = {isa = PBXBuildFile; fileRef = 6FECBAA2252A7F6300848E2B /* DetailTop.swift */; };
		6FECBAA6252A7F7F00848E2B /* DetailRow.swift in Sources */ = {isa = PBXBuildFile; fileRef = 6FECBAA5252A7F7F00848E2B /* DetailRow.swift */; };
/* End PBXBuildFile section */

/* Begin PBXFileReference section */
		6F199D66259BD22500616B99 /* ErrorLoadingView.swift */ = {isa = PBXFileReference; lastKnownFileType = sourcecode.swift; path = ErrorLoadingView.swift; sourceTree = "<group>"; };
		6F26F923253E001700698806 /* en */ = {isa = PBXFileReference; lastKnownFileType = text.plist.strings; name = en; path = en.lproj/Localizable.strings; sourceTree = "<group>"; };
		6F26F926253E001A00698806 /* ru */ = {isa = PBXFileReference; lastKnownFileType = text.plist.strings; name = ru; path = ru.lproj/Localizable.strings; sourceTree = "<group>"; };
		6FECBA41252A7D7A00848E2B /* Jungle.app */ = {isa = PBXFileReference; explicitFileType = wrapper.application; includeInIndex = 0; path = Jungle.app; sourceTree = BUILT_PRODUCTS_DIR; };
		6FECBA44252A7D7A00848E2B /* JungleApp.swift */ = {isa = PBXFileReference; lastKnownFileType = sourcecode.swift; path = JungleApp.swift; sourceTree = "<group>"; };
		6FECBA4D252A7D7B00848E2B /* Info.plist */ = {isa = PBXFileReference; lastKnownFileType = text.plist.xml; path = Info.plist; sourceTree = "<group>"; };
		6FECBA54252A7DDA00848E2B /* Launch Screen.storyboard */ = {isa = PBXFileReference; fileEncoding = 4; lastKnownFileType = file.storyboard; path = "Launch Screen.storyboard"; sourceTree = "<group>"; };
		6FECBA5F252A7E0000848E2B /* testBeverages.json */ = {isa = PBXFileReference; lastKnownFileType = text.json; name = testBeverages.json; path = "Jungle/Preview Content/testBeverages.json"; sourceTree = SOURCE_ROOT; };
		6FECBA60252A7E0000848E2B /* testFoods.json */ = {isa = PBXFileReference; lastKnownFileType = text.json; path = testFoods.json; sourceTree = "<group>"; };
		6FECBA64252A7E5A00848E2B /* Preview Assets.xcassets */ = {isa = PBXFileReference; lastKnownFileType = folder.assetcatalog; path = "Preview Assets.xcassets"; sourceTree = "<group>"; };
		6FECBA6B252A7EAB00848E2B /* FoodDetail.swift */ = {isa = PBXFileReference; fileEncoding = 4; lastKnownFileType = sourcecode.swift; path = FoodDetail.swift; sourceTree = "<group>"; };
		6FECBA6D252A7EAB00848E2B /* BeverageDetail.swift */ = {isa = PBXFileReference; fileEncoding = 4; lastKnownFileType = sourcecode.swift; path = BeverageDetail.swift; sourceTree = "<group>"; };
		6FECBA71252A7EAB00848E2B /* Constants.swift */ = {isa = PBXFileReference; fileEncoding = 4; lastKnownFileType = sourcecode.swift; path = Constants.swift; sourceTree = "<group>"; };
		6FECBA7C252A7EB500848E2B /* Data.swift */ = {isa = PBXFileReference; fileEncoding = 4; lastKnownFileType = sourcecode.swift; path = Data.swift; sourceTree = "<group>"; };
		6FECBA7F252A7EB500848E2B /* Beverage.swift */ = {isa = PBXFileReference; fileEncoding = 4; lastKnownFileType = sourcecode.swift; path = Beverage.swift; sourceTree = "<group>"; };
		6FECBA81252A7EB500848E2B /* Food.swift */ = {isa = PBXFileReference; fileEncoding = 4; lastKnownFileType = sourcecode.swift; path = Food.swift; sourceTree = "<group>"; };
		6FECBA83252A7EB500848E2B /* ImageLoader.swift */ = {isa = PBXFileReference; fileEncoding = 4; lastKnownFileType = sourcecode.swift; path = ImageLoader.swift; sourceTree = "<group>"; };
		6FECBA84252A7EB500848E2B /* DataLoader.swift */ = {isa = PBXFileReference; fileEncoding = 4; lastKnownFileType = sourcecode.swift; path = DataLoader.swift; sourceTree = "<group>"; };
		6FECBA86252A7EB500848E2B /* BeverageRow.swift */ = {isa = PBXFileReference; fileEncoding = 4; lastKnownFileType = sourcecode.swift; path = BeverageRow.swift; sourceTree = "<group>"; };
		6FECBA87252A7EB500848E2B /* BeveragesMenu.swift */ = {isa = PBXFileReference; fileEncoding = 4; lastKnownFileType = sourcecode.swift; path = BeveragesMenu.swift; sourceTree = "<group>"; };
		6FECBA89252A7EB500848E2B /* Events.swift */ = {isa = PBXFileReference; fileEncoding = 4; lastKnownFileType = sourcecode.swift; path = Events.swift; sourceTree = "<group>"; };
		6FECBA8B252A7EB500848E2B /* FoodRow.swift */ = {isa = PBXFileReference; fileEncoding = 4; lastKnownFileType = sourcecode.swift; path = FoodRow.swift; sourceTree = "<group>"; };
		6FECBA8C252A7EB500848E2B /* FoodsMenu.swift */ = {isa = PBXFileReference; fileEncoding = 4; lastKnownFileType = sourcecode.swift; path = FoodsMenu.swift; sourceTree = "<group>"; };
		6FECBA9B252A7F1900848E2B /* ContentView.swift */ = {isa = PBXFileReference; fileEncoding = 4; lastKnownFileType = sourcecode.swift; path = ContentView.swift; sourceTree = "<group>"; };
		6FECBA9E252A7F1E00848E2B /* Assets.xcassets */ = {isa = PBXFileReference; lastKnownFileType = folder.assetcatalog; path = Assets.xcassets; sourceTree = "<group>"; };
		6FECBAA2252A7F6300848E2B /* DetailTop.swift */ = {isa = PBXFileReference; fileEncoding = 4; lastKnownFileType = sourcecode.swift; path = DetailTop.swift; sourceTree = "<group>"; };
		6FECBAA5252A7F7F00848E2B /* DetailRow.swift */ = {isa = PBXFileReference; fileEncoding = 4; lastKnownFileType = sourcecode.swift; path = DetailRow.swift; sourceTree = "<group>"; };
/* End PBXFileReference section */

/* Begin PBXFrameworksBuildPhase section */
		6FECBA3E252A7D7A00848E2B /* Frameworks */ = {
			isa = PBXFrameworksBuildPhase;
			buildActionMask = 2147483647;
			files = (
				6F6D6C30256ABF0B00FC3251 /* Cloudinary in Frameworks */,
			);
			runOnlyForDeploymentPostprocessing = 0;
		};
/* End PBXFrameworksBuildPhase section */

/* Begin PBXGroup section */
		6F3F56DD256E045D00059C90 /* Beverage */ = {
			isa = PBXGroup;
			children = (
				6FECBA7F252A7EB500848E2B /* Beverage.swift */,
				6FECBA87252A7EB500848E2B /* BeveragesMenu.swift */,
				6FECBA86252A7EB500848E2B /* BeverageRow.swift */,
				6FECBA6D252A7EAB00848E2B /* BeverageDetail.swift */,
			);
			path = Beverage;
			sourceTree = "<group>";
		};
		6F3F56E0256E049A00059C90 /* Food */ = {
			isa = PBXGroup;
			children = (
				6FECBA81252A7EB500848E2B /* Food.swift */,
				6FECBA8C252A7EB500848E2B /* FoodsMenu.swift */,
				6FECBA8B252A7EB500848E2B /* FoodRow.swift */,
				6FECBA6B252A7EAB00848E2B /* FoodDetail.swift */,
			);
			path = Food;
			sourceTree = "<group>";
		};
		6FECBA38252A7D7A00848E2B = {
			isa = PBXGroup;
			children = (
				6FECBA43252A7D7A00848E2B /* Jungle */,
				6FECBA42252A7D7A00848E2B /* Products */,
			);
			sourceTree = "<group>";
		};
		6FECBA42252A7D7A00848E2B /* Products */ = {
			isa = PBXGroup;
			children = (
				6FECBA41252A7D7A00848E2B /* Jungle.app */,
			);
			name = Products;
			sourceTree = "<group>";
		};
		6FECBA43252A7D7A00848E2B /* Jungle */ = {
			isa = PBXGroup;
			children = (
				6F26F924253E001700698806 /* Localizable.strings */,
				6FECBA54252A7DDA00848E2B /* Launch Screen.storyboard */,
				6FECBA44252A7D7A00848E2B /* JungleApp.swift */,
				6FECBA9B252A7F1900848E2B /* ContentView.swift */,
				6F199D66259BD22500616B99 /* ErrorLoadingView.swift */,
				6F3F56DD256E045D00059C90 /* Beverage */,
				6F3F56E0256E049A00059C90 /* Food */,
				6FECBA88252A7EB500848E2B /* Events */,
				6FECBA82252A7EB500848E2B /* Loaders */,
				6FECBAAD252A811E00848E2B /* Detail */,
				6FECBA71252A7EAB00848E2B /* Constants.swift */,
				6FECBA9E252A7F1E00848E2B /* Assets.xcassets */,
				6FECBA4D252A7D7B00848E2B /* Info.plist */,
				6FECBA4A252A7D7B00848E2B /* Preview Content */,
			);
			path = Jungle;
			sourceTree = "<group>";
		};
		6FECBA4A252A7D7B00848E2B /* Preview Content */ = {
			isa = PBXGroup;
			children = (
				6FECBA7C252A7EB500848E2B /* Data.swift */,
				6FECBA5F252A7E0000848E2B /* testBeverages.json */,
				6FECBA60252A7E0000848E2B /* testFoods.json */,
				6FECBA64252A7E5A00848E2B /* Preview Assets.xcassets */,
			);
			path = "Preview Content";
			sourceTree = "<group>";
		};
		6FECBA82252A7EB500848E2B /* Loaders */ = {
			isa = PBXGroup;
			children = (
				6FECBA83252A7EB500848E2B /* ImageLoader.swift */,
				6FECBA84252A7EB500848E2B /* DataLoader.swift */,
			);
			path = Loaders;
			sourceTree = "<group>";
		};
		6FECBA88252A7EB500848E2B /* Events */ = {
			isa = PBXGroup;
			children = (
				6FECBA89252A7EB500848E2B /* Events.swift */,
			);
			path = Events;
			sourceTree = "<group>";
		};
		6FECBAAD252A811E00848E2B /* Detail */ = {
			isa = PBXGroup;
			children = (
				6FECBAA5252A7F7F00848E2B /* DetailRow.swift */,
				6FECBAA2252A7F6300848E2B /* DetailTop.swift */,
			);
			path = Detail;
			sourceTree = "<group>";
		};
/* End PBXGroup section */

/* Begin PBXNativeTarget section */
		6FECBA40252A7D7A00848E2B /* Jungle */ = {
			isa = PBXNativeTarget;
			buildConfigurationList = 6FECBA50252A7D7B00848E2B /* Build configuration list for PBXNativeTarget "Jungle" */;
			buildPhases = (
				6FECBA3D252A7D7A00848E2B /* Sources */,
				6FECBA3E252A7D7A00848E2B /* Frameworks */,
				6FECBA3F252A7D7A00848E2B /* Resources */,
			);
			buildRules = (
			);
			dependencies = (
			);
			name = Jungle;
			packageProductDependencies = (
				6F6D6C2F256ABF0B00FC3251 /* Cloudinary */,
			);
			productName = Jungle;
			productReference = 6FECBA41252A7D7A00848E2B /* Jungle.app */;
			productType = "com.apple.product-type.application";
		};
/* End PBXNativeTarget section */

/* Begin PBXProject section */
		6FECBA39252A7D7A00848E2B /* Project object */ = {
			isa = PBXProject;
			attributes = {
				LastSwiftUpdateCheck = 1220;
				LastUpgradeCheck = 1230;
				TargetAttributes = {
					6FECBA40252A7D7A00848E2B = {
						CreatedOnToolsVersion = 12.2;
					};
				};
			};
			buildConfigurationList = 6FECBA3C252A7D7A00848E2B /* Build configuration list for PBXProject "Jungle" */;
			compatibilityVersion = "Xcode 9.3";
			developmentRegion = en;
			hasScannedForEncodings = 0;
			knownRegions = (
				en,
				Base,
				ru,
			);
			mainGroup = 6FECBA38252A7D7A00848E2B;
			packageReferences = (
				6F6D6C2E256ABF0B00FC3251 /* XCRemoteSwiftPackageReference "cloudinary_ios" */,
			);
			productRefGroup = 6FECBA42252A7D7A00848E2B /* Products */;
			projectDirPath = "";
			projectRoot = "";
			targets = (
				6FECBA40252A7D7A00848E2B /* Jungle */,
			);
		};
/* End PBXProject section */

/* Begin PBXResourcesBuildPhase section */
		6FECBA3F252A7D7A00848E2B /* Resources */ = {
			isa = PBXResourcesBuildPhase;
			buildActionMask = 2147483647;
			files = (
				6F26F92E253E03BB00698806 /* testBeverages.json in Resources */,
				6F26F922253E001700698806 /* Localizable.strings in Resources */,
				6FECBA65252A7E5A00848E2B /* Preview Assets.xcassets in Resources */,
				6FECBA55252A7DDA00848E2B /* Launch Screen.storyboard in Resources */,
				6FECBA9F252A7F1E00848E2B /* Assets.xcassets in Resources */,
				6F26F930253E03D900698806 /* testFoods.json in Resources */,
			);
			runOnlyForDeploymentPostprocessing = 0;
		};
/* End PBXResourcesBuildPhase section */

/* Begin PBXSourcesBuildPhase section */
		6FECBA3D252A7D7A00848E2B /* Sources */ = {
			isa = PBXSourcesBuildPhase;
			buildActionMask = 2147483647;
			files = (
				6FECBA92252A7EB500848E2B /* Food.swift in Sources */,
				6FECBA90252A7EB500848E2B /* Beverage.swift in Sources */,
				6F199D67259BD22500616B99 /* ErrorLoadingView.swift in Sources */,
				6FECBAA3252A7F6300848E2B /* DetailTop.swift in Sources */,
				6FECBAA6252A7F7F00848E2B /* DetailRow.swift in Sources */,
				6FECBA98252A7EB500848E2B /* FoodRow.swift in Sources */,
				6FECBA97252A7EB500848E2B /* Events.swift in Sources */,
				6FECBA96252A7EB500848E2B /* BeveragesMenu.swift in Sources */,
				6FECBA93252A7EB500848E2B /* ImageLoader.swift in Sources */,
				6FECBA94252A7EB500848E2B /* DataLoader.swift in Sources */,
				6FECBA8E252A7EB500848E2B /* Data.swift in Sources */,
				6FECBA99252A7EB500848E2B /* FoodsMenu.swift in Sources */,
				6FECBA9C252A7F1900848E2B /* ContentView.swift in Sources */,
				6FECBA45252A7D7A00848E2B /* JungleApp.swift in Sources */,
				6FECBA72252A7EAB00848E2B /* FoodDetail.swift in Sources */,
				6FECBA74252A7EAB00848E2B /* BeverageDetail.swift in Sources */,
				6FECBA95252A7EB500848E2B /* BeverageRow.swift in Sources */,
				6FECBA78252A7EAB00848E2B /* Constants.swift in Sources */,
			);
			runOnlyForDeploymentPostprocessing = 0;
		};
/* End PBXSourcesBuildPhase section */

/* Begin PBXVariantGroup section */
		6F26F924253E001700698806 /* Localizable.strings */ = {
			isa = PBXVariantGroup;
			children = (
				6F26F923253E001700698806 /* en */,
				6F26F926253E001A00698806 /* ru */,
			);
			name = Localizable.strings;
			sourceTree = "<group>";
		};
/* End PBXVariantGroup section */

/* Begin XCBuildConfiguration section */
		6FECBA4E252A7D7B00848E2B /* Debug */ = {
			isa = XCBuildConfiguration;
			buildSettings = {
				ALWAYS_SEARCH_USER_PATHS = NO;
				CLANG_ANALYZER_LOCALIZABILITY_NONLOCALIZED = YES;
				CLANG_ANALYZER_NONNULL = YES;
				CLANG_ANALYZER_NUMBER_OBJECT_CONVERSION = YES_AGGRESSIVE;
				CLANG_CXX_LANGUAGE_STANDARD = "gnu++14";
				CLANG_CXX_LIBRARY = "libc++";
				CLANG_ENABLE_MODULES = YES;
				CLANG_ENABLE_OBJC_ARC = YES;
				CLANG_ENABLE_OBJC_WEAK = YES;
				CLANG_WARN_BLOCK_CAPTURE_AUTORELEASING = YES;
				CLANG_WARN_BOOL_CONVERSION = YES;
				CLANG_WARN_COMMA = YES;
				CLANG_WARN_CONSTANT_CONVERSION = YES;
				CLANG_WARN_DEPRECATED_OBJC_IMPLEMENTATIONS = YES;
				CLANG_WARN_DIRECT_OBJC_ISA_USAGE = YES_ERROR;
				CLANG_WARN_DOCUMENTATION_COMMENTS = YES;
				CLANG_WARN_EMPTY_BODY = YES;
				CLANG_WARN_ENUM_CONVERSION = YES;
				CLANG_WARN_INFINITE_RECURSION = YES;
				CLANG_WARN_INT_CONVERSION = YES;
				CLANG_WARN_NON_LITERAL_NULL_CONVERSION = YES;
				CLANG_WARN_OBJC_IMPLICIT_RETAIN_SELF = YES;
				CLANG_WARN_OBJC_LITERAL_CONVERSION = YES;
				CLANG_WARN_OBJC_ROOT_CLASS = YES_ERROR;
				CLANG_WARN_QUOTED_INCLUDE_IN_FRAMEWORK_HEADER = YES;
				CLANG_WARN_RANGE_LOOP_ANALYSIS = YES;
				CLANG_WARN_STRICT_PROTOTYPES = YES;
				CLANG_WARN_SUSPICIOUS_MOVE = YES;
				CLANG_WARN_UNGUARDED_AVAILABILITY = YES_AGGRESSIVE;
				CLANG_WARN_UNREACHABLE_CODE = YES;
				CLANG_WARN__DUPLICATE_METHOD_MATCH = YES;
				COPY_PHASE_STRIP = NO;
				DEBUG_INFORMATION_FORMAT = dwarf;
				ENABLE_STRICT_OBJC_MSGSEND = YES;
				ENABLE_TESTABILITY = YES;
				GCC_C_LANGUAGE_STANDARD = gnu11;
				GCC_DYNAMIC_NO_PIC = NO;
				GCC_NO_COMMON_BLOCKS = YES;
				GCC_OPTIMIZATION_LEVEL = 0;
				GCC_PREPROCESSOR_DEFINITIONS = (
					"DEBUG=1",
					"$(inherited)",
				);
				GCC_WARN_64_TO_32_BIT_CONVERSION = YES;
				GCC_WARN_ABOUT_RETURN_TYPE = YES_ERROR;
				GCC_WARN_UNDECLARED_SELECTOR = YES;
				GCC_WARN_UNINITIALIZED_AUTOS = YES_AGGRESSIVE;
				GCC_WARN_UNUSED_FUNCTION = YES;
				GCC_WARN_UNUSED_VARIABLE = YES;
				IPHONEOS_DEPLOYMENT_TARGET = 14.0;
				MTL_ENABLE_DEBUG_INFO = INCLUDE_SOURCE;
				MTL_FAST_MATH = YES;
				ONLY_ACTIVE_ARCH = YES;
				SDKROOT = iphoneos;
				SWIFT_ACTIVE_COMPILATION_CONDITIONS = DEBUG;
				SWIFT_OPTIMIZATION_LEVEL = "-Onone";
			};
			name = Debug;
		};
		6FECBA4F252A7D7B00848E2B /* Release */ = {
			isa = XCBuildConfiguration;
			buildSettings = {
				ALWAYS_SEARCH_USER_PATHS = NO;
				CLANG_ANALYZER_LOCALIZABILITY_NONLOCALIZED = YES;
				CLANG_ANALYZER_NONNULL = YES;
				CLANG_ANALYZER_NUMBER_OBJECT_CONVERSION = YES_AGGRESSIVE;
				CLANG_CXX_LANGUAGE_STANDARD = "gnu++14";
				CLANG_CXX_LIBRARY = "libc++";
				CLANG_ENABLE_MODULES = YES;
				CLANG_ENABLE_OBJC_ARC = YES;
				CLANG_ENABLE_OBJC_WEAK = YES;
				CLANG_WARN_BLOCK_CAPTURE_AUTORELEASING = YES;
				CLANG_WARN_BOOL_CONVERSION = YES;
				CLANG_WARN_COMMA = YES;
				CLANG_WARN_CONSTANT_CONVERSION = YES;
				CLANG_WARN_DEPRECATED_OBJC_IMPLEMENTATIONS = YES;
				CLANG_WARN_DIRECT_OBJC_ISA_USAGE = YES_ERROR;
				CLANG_WARN_DOCUMENTATION_COMMENTS = YES;
				CLANG_WARN_EMPTY_BODY = YES;
				CLANG_WARN_ENUM_CONVERSION = YES;
				CLANG_WARN_INFINITE_RECURSION = YES;
				CLANG_WARN_INT_CONVERSION = YES;
				CLANG_WARN_NON_LITERAL_NULL_CONVERSION = YES;
				CLANG_WARN_OBJC_IMPLICIT_RETAIN_SELF = YES;
				CLANG_WARN_OBJC_LITERAL_CONVERSION = YES;
				CLANG_WARN_OBJC_ROOT_CLASS = YES_ERROR;
				CLANG_WARN_QUOTED_INCLUDE_IN_FRAMEWORK_HEADER = YES;
				CLANG_WARN_RANGE_LOOP_ANALYSIS = YES;
				CLANG_WARN_STRICT_PROTOTYPES = YES;
				CLANG_WARN_SUSPICIOUS_MOVE = YES;
				CLANG_WARN_UNGUARDED_AVAILABILITY = YES_AGGRESSIVE;
				CLANG_WARN_UNREACHABLE_CODE = YES;
				CLANG_WARN__DUPLICATE_METHOD_MATCH = YES;
				COPY_PHASE_STRIP = NO;
				DEBUG_INFORMATION_FORMAT = "dwarf-with-dsym";
				ENABLE_NS_ASSERTIONS = NO;
				ENABLE_STRICT_OBJC_MSGSEND = YES;
				GCC_C_LANGUAGE_STANDARD = gnu11;
				GCC_NO_COMMON_BLOCKS = YES;
				GCC_WARN_64_TO_32_BIT_CONVERSION = YES;
				GCC_WARN_ABOUT_RETURN_TYPE = YES_ERROR;
				GCC_WARN_UNDECLARED_SELECTOR = YES;
				GCC_WARN_UNINITIALIZED_AUTOS = YES_AGGRESSIVE;
				GCC_WARN_UNUSED_FUNCTION = YES;
				GCC_WARN_UNUSED_VARIABLE = YES;
				IPHONEOS_DEPLOYMENT_TARGET = 14.0;
				MTL_ENABLE_DEBUG_INFO = NO;
				MTL_FAST_MATH = YES;
				SDKROOT = iphoneos;
				SWIFT_COMPILATION_MODE = wholemodule;
				SWIFT_OPTIMIZATION_LEVEL = "-O";
				VALIDATE_PRODUCT = YES;
			};
			name = Release;
		};
		6FECBA51252A7D7B00848E2B /* Debug */ = {
			isa = XCBuildConfiguration;
			buildSettings = {
				ASSETCATALOG_COMPILER_APPICON_NAME = AppIcon;
				ASSETCATALOG_COMPILER_GLOBAL_ACCENT_COLOR_NAME = AccentColor;
				CODE_SIGN_STYLE = Automatic;
				DEVELOPMENT_ASSET_PATHS = "\"Jungle/Preview Content\"";
				DEVELOPMENT_TEAM = 94U9UR9TXD;
				ENABLE_PREVIEWS = YES;
				INFOPLIST_FILE = Jungle/Info.plist;
				IPHONEOS_DEPLOYMENT_TARGET = 14.0;
				LD_RUNPATH_SEARCH_PATHS = (
					"$(inherited)",
					"@executable_path/Frameworks",
				);
				MARKETING_VERSION = 0.1.0;
				PRODUCT_BUNDLE_IDENTIFIER = com.alageev.Jungle;
				PRODUCT_NAME = "$(TARGET_NAME)";
				SWIFT_VERSION = 5.0;
				TARGETED_DEVICE_FAMILY = 1;
			};
			name = Debug;
		};
		6FECBA52252A7D7B00848E2B /* Release */ = {
			isa = XCBuildConfiguration;
			buildSettings = {
				ASSETCATALOG_COMPILER_APPICON_NAME = AppIcon;
				ASSETCATALOG_COMPILER_GLOBAL_ACCENT_COLOR_NAME = AccentColor;
				CODE_SIGN_STYLE = Automatic;
				DEVELOPMENT_ASSET_PATHS = "\"Jungle/Preview Content\"";
				DEVELOPMENT_TEAM = 94U9UR9TXD;
				ENABLE_PREVIEWS = YES;
				INFOPLIST_FILE = Jungle/Info.plist;
				IPHONEOS_DEPLOYMENT_TARGET = 14.0;
				LD_RUNPATH_SEARCH_PATHS = (
					"$(inherited)",
					"@executable_path/Frameworks",
				);
				MARKETING_VERSION = 0.1.0;
				PRODUCT_BUNDLE_IDENTIFIER = com.alageev.Jungle;
				PRODUCT_NAME = "$(TARGET_NAME)";
				SWIFT_VERSION = 5.0;
				TARGETED_DEVICE_FAMILY = 1;
			};
			name = Release;
		};
/* End XCBuildConfiguration section */

/* Begin XCConfigurationList section */
		6FECBA3C252A7D7A00848E2B /* Build configuration list for PBXProject "Jungle" */ = {
			isa = XCConfigurationList;
			buildConfigurations = (
				6FECBA4E252A7D7B00848E2B /* Debug */,
				6FECBA4F252A7D7B00848E2B /* Release */,
			);
			defaultConfigurationIsVisible = 0;
			defaultConfigurationName = Release;
		};
		6FECBA50252A7D7B00848E2B /* Build configuration list for PBXNativeTarget "Jungle" */ = {
			isa = XCConfigurationList;
			buildConfigurations = (
				6FECBA51252A7D7B00848E2B /* Debug */,
				6FECBA52252A7D7B00848E2B /* Release */,
			);
			defaultConfigurationIsVisible = 0;
			defaultConfigurationName = Release;
		};
/* End XCConfigurationList section */

/* Begin XCRemoteSwiftPackageReference section */
		6F6D6C2E256ABF0B00FC3251 /* XCRemoteSwiftPackageReference "cloudinary_ios" */ = {
			isa = XCRemoteSwiftPackageReference;
			repositoryURL = "https://github.com/cloudinary/cloudinary_ios.git";
			requirement = {
				kind = upToNextMajorVersion;
				minimumVersion = 2.9.0;
			};
		};
/* End XCRemoteSwiftPackageReference section */

/* Begin XCSwiftPackageProductDependency section */
		6F6D6C2F256ABF0B00FC3251 /* Cloudinary */ = {
			isa = XCSwiftPackageProductDependency;
			package = 6F6D6C2E256ABF0B00FC3251 /* XCRemoteSwiftPackageReference "cloudinary_ios" */;
			productName = Cloudinary;
		};
/* End XCSwiftPackageProductDependency section */
	};
	rootObject = 6FECBA39252A7D7A00848E2B /* Project object */;
}
